// !$*UTF8*$!
{
	archiveVersion = 1;
	classes = {
	};
	objectVersion = 46;
	objects = {

/* Begin PBXBuildFile section */
		838F0A5B1CA7697C00C70817 /* DetailViewController.swift in Sources */ = {isa = PBXBuildFile; fileRef = 838F0A5A1CA7697C00C70817 /* DetailViewController.swift */; };
		83D7972A1CA4693100D37B8A /* AppDelegate.swift in Sources */ = {isa = PBXBuildFile; fileRef = 83D797291CA4693100D37B8A /* AppDelegate.swift */; };
		83D7972F1CA4693100D37B8A /* Main.storyboard in Resources */ = {isa = PBXBuildFile; fileRef = 83D7972D1CA4693100D37B8A /* Main.storyboard */; };
		83D797311CA4693100D37B8A /* Assets.xcassets in Resources */ = {isa = PBXBuildFile; fileRef = 83D797301CA4693100D37B8A /* Assets.xcassets */; };
		83D797341CA4693100D37B8A /* LaunchScreen.storyboard in Resources */ = {isa = PBXBuildFile; fileRef = 83D797321CA4693100D37B8A /* LaunchScreen.storyboard */; };
		83D7973F1CA4693200D37B8A /* HedgeFundAppTests.swift in Sources */ = {isa = PBXBuildFile; fileRef = 83D7973E1CA4693200D37B8A /* HedgeFundAppTests.swift */; };
		83D7974A1CA4693200D37B8A /* HedgeFundAppUITests.swift in Sources */ = {isa = PBXBuildFile; fileRef = 83D797491CA4693200D37B8A /* HedgeFundAppUITests.swift */; };
		83D797581CA469B400D37B8A /* MainTableViewController.swift in Sources */ = {isa = PBXBuildFile; fileRef = 83D797571CA469B400D37B8A /* MainTableViewController.swift */; };
		83D7975A1CA4F6E100D37B8A /* topapps.json in Resources */ = {isa = PBXBuildFile; fileRef = 83D797591CA4F6E100D37B8A /* topapps.json */; };
/* End PBXBuildFile section */

/* Begin PBXContainerItemProxy section */
		83D7973B1CA4693200D37B8A /* PBXContainerItemProxy */ = {
			isa = PBXContainerItemProxy;
			containerPortal = 83D7971E1CA4693100D37B8A /* Project object */;
			proxyType = 1;
			remoteGlobalIDString = 83D797251CA4693100D37B8A;
			remoteInfo = HedgeFundApp;
		};
		83D797461CA4693200D37B8A /* PBXContainerItemProxy */ = {
			isa = PBXContainerItemProxy;
			containerPortal = 83D7971E1CA4693100D37B8A /* Project object */;
			proxyType = 1;
			remoteGlobalIDString = 83D797251CA4693100D37B8A;
			remoteInfo = HedgeFundApp;
		};
/* End PBXContainerItemProxy section */

/* Begin PBXFileReference section */
		838F0A5A1CA7697C00C70817 /* DetailViewController.swift */ = {isa = PBXFileReference; fileEncoding = 4; lastKnownFileType = sourcecode.swift; path = DetailViewController.swift; sourceTree = "<group>"; };
		83D797261CA4693100D37B8A /* HedgeFundApp.app */ = {isa = PBXFileReference; explicitFileType = wrapper.application; includeInIndex = 0; path = HedgeFundApp.app; sourceTree = BUILT_PRODUCTS_DIR; };
		83D797291CA4693100D37B8A /* AppDelegate.swift */ = {isa = PBXFileReference; lastKnownFileType = sourcecode.swift; path = AppDelegate.swift; sourceTree = "<group>"; };
		83D7972E1CA4693100D37B8A /* Base */ = {isa = PBXFileReference; lastKnownFileType = file.storyboard; name = Base; path = Base.lproj/Main.storyboard; sourceTree = "<group>"; };
		83D797301CA4693100D37B8A /* Assets.xcassets */ = {isa = PBXFileReference; lastKnownFileType = folder.assetcatalog; path = Assets.xcassets; sourceTree = "<group>"; };
		83D797331CA4693100D37B8A /* Base */ = {isa = PBXFileReference; lastKnownFileType = file.storyboard; name = Base; path = Base.lproj/LaunchScreen.storyboard; sourceTree = "<group>"; };
		83D797351CA4693100D37B8A /* Info.plist */ = {isa = PBXFileReference; lastKnownFileType = text.plist.xml; path = Info.plist; sourceTree = "<group>"; };
		83D7973A1CA4693200D37B8A /* HedgeFundAppTests.xctest */ = {isa = PBXFileReference; explicitFileType = wrapper.cfbundle; includeInIndex = 0; path = HedgeFundAppTests.xctest; sourceTree = BUILT_PRODUCTS_DIR; };
		83D7973E1CA4693200D37B8A /* HedgeFundAppTests.swift */ = {isa = PBXFileReference; lastKnownFileType = sourcecode.swift; path = HedgeFundAppTests.swift; sourceTree = "<group>"; };
		83D797401CA4693200D37B8A /* Info.plist */ = {isa = PBXFileReference; lastKnownFileType = text.plist.xml; path = Info.plist; sourceTree = "<group>"; };
		83D797451CA4693200D37B8A /* HedgeFundAppUITests.xctest */ = {isa = PBXFileReference; explicitFileType = wrapper.cfbundle; includeInIndex = 0; path = HedgeFundAppUITests.xctest; sourceTree = BUILT_PRODUCTS_DIR; };
		83D797491CA4693200D37B8A /* HedgeFundAppUITests.swift */ = {isa = PBXFileReference; lastKnownFileType = sourcecode.swift; path = HedgeFundAppUITests.swift; sourceTree = "<group>"; };
		83D7974B1CA4693200D37B8A /* Info.plist */ = {isa = PBXFileReference; lastKnownFileType = text.plist.xml; path = Info.plist; sourceTree = "<group>"; };
		83D797571CA469B400D37B8A /* MainTableViewController.swift */ = {isa = PBXFileReference; fileEncoding = 4; lastKnownFileType = sourcecode.swift; path = MainTableViewController.swift; sourceTree = "<group>"; };
		83D797591CA4F6E100D37B8A /* topapps.json */ = {isa = PBXFileReference; fileEncoding = 4; lastKnownFileType = text.json; path = topapps.json; sourceTree = "<group>"; };
/* End PBXFileReference section */

/* Begin PBXFrameworksBuildPhase section */
		83D797231CA4693100D37B8A /* Frameworks */ = {
			isa = PBXFrameworksBuildPhase;
			buildActionMask = 2147483647;
			files = (
			);
			runOnlyForDeploymentPostprocessing = 0;
		};
		83D797371CA4693200D37B8A /* Frameworks */ = {
			isa = PBXFrameworksBuildPhase;
			buildActionMask = 2147483647;
			files = (
			);
			runOnlyForDeploymentPostprocessing = 0;
		};
		83D797421CA4693200D37B8A /* Frameworks */ = {
			isa = PBXFrameworksBuildPhase;
			buildActionMask = 2147483647;
			files = (
			);
			runOnlyForDeploymentPostprocessing = 0;
		};
/* End PBXFrameworksBuildPhase section */

/* Begin PBXGroup section */
		83D7971D1CA4693100D37B8A = {
			isa = PBXGroup;
			children = (
				83D797281CA4693100D37B8A /* HedgeFundApp */,
				83D7973D1CA4693200D37B8A /* HedgeFundAppTests */,
				83D797481CA4693200D37B8A /* HedgeFundAppUITests */,
				83D797271CA4693100D37B8A /* Products */,
			);
			sourceTree = "<group>";
		};
		83D797271CA4693100D37B8A /* Products */ = {
			isa = PBXGroup;
			children = (
				83D797261CA4693100D37B8A /* HedgeFundApp.app */,
				83D7973A1CA4693200D37B8A /* HedgeFundAppTests.xctest */,
				83D797451CA4693200D37B8A /* HedgeFundAppUITests.xctest */,
			);
			name = Products;
			sourceTree = "<group>";
		};
		83D797281CA4693100D37B8A /* HedgeFundApp */ = {
			isa = PBXGroup;
			children = (
				83D797291CA4693100D37B8A /* AppDelegate.swift */,
				83D797571CA469B400D37B8A /* MainTableViewController.swift */,
				83D7972D1CA4693100D37B8A /* Main.storyboard */,
				838F0A5A1CA7697C00C70817 /* DetailViewController.swift */,
				83D797301CA4693100D37B8A /* Assets.xcassets */,
				83D797321CA4693100D37B8A /* LaunchScreen.storyboard */,
				83D797351CA4693100D37B8A /* Info.plist */,
				83D797591CA4F6E100D37B8A /* topapps.json */,
			);
			path = HedgeFundApp;
			sourceTree = "<group>";
		};
		83D7973D1CA4693200D37B8A /* HedgeFundAppTests */ = {
			isa = PBXGroup;
			children = (
				83D7973E1CA4693200D37B8A /* HedgeFundAppTests.swift */,
				83D797401CA4693200D37B8A /* Info.plist */,
			);
			path = HedgeFundAppTests;
			sourceTree = "<group>";
		};
		83D797481CA4693200D37B8A /* HedgeFundAppUITests */ = {
			isa = PBXGroup;
			children = (
				83D797491CA4693200D37B8A /* HedgeFundAppUITests.swift */,
				83D7974B1CA4693200D37B8A /* Info.plist */,
			);
			path = HedgeFundAppUITests;
			sourceTree = "<group>";
		};
/* End PBXGroup section */

/* Begin PBXNativeTarget section */
		83D797251CA4693100D37B8A /* HedgeFundApp */ = {
			isa = PBXNativeTarget;
			buildConfigurationList = 83D7974E1CA4693200D37B8A /* Build configuration list for PBXNativeTarget "HedgeFundApp" */;
			buildPhases = (
				83D797221CA4693100D37B8A /* Sources */,
				83D797231CA4693100D37B8A /* Frameworks */,
				83D797241CA4693100D37B8A /* Resources */,
			);
			buildRules = (
			);
			dependencies = (
			);
			name = HedgeFundApp;
			productName = HedgeFundApp;
			productReference = 83D797261CA4693100D37B8A /* HedgeFundApp.app */;
			productType = "com.apple.product-type.application";
		};
		83D797391CA4693200D37B8A /* HedgeFundAppTests */ = {
			isa = PBXNativeTarget;
			buildConfigurationList = 83D797511CA4693200D37B8A /* Build configuration list for PBXNativeTarget "HedgeFundAppTests" */;
			buildPhases = (
				83D797361CA4693200D37B8A /* Sources */,
				83D797371CA4693200D37B8A /* Frameworks */,
				83D797381CA4693200D37B8A /* Resources */,
			);
			buildRules = (
			);
			dependencies = (
				83D7973C1CA4693200D37B8A /* PBXTargetDependency */,
			);
			name = HedgeFundAppTests;
			productName = HedgeFundAppTests;
			productReference = 83D7973A1CA4693200D37B8A /* HedgeFundAppTests.xctest */;
			productType = "com.apple.product-type.bundle.unit-test";
		};
		83D797441CA4693200D37B8A /* HedgeFundAppUITests */ = {
			isa = PBXNativeTarget;
			buildConfigurationList = 83D797541CA4693200D37B8A /* Build configuration list for PBXNativeTarget "HedgeFundAppUITests" */;
			buildPhases = (
				83D797411CA4693200D37B8A /* Sources */,
				83D797421CA4693200D37B8A /* Frameworks */,
				83D797431CA4693200D37B8A /* Resources */,
			);
			buildRules = (
			);
			dependencies = (
				83D797471CA4693200D37B8A /* PBXTargetDependency */,
			);
			name = HedgeFundAppUITests;
			productName = HedgeFundAppUITests;
			productReference = 83D797451CA4693200D37B8A /* HedgeFundAppUITests.xctest */;
			productType = "com.apple.product-type.bundle.ui-testing";
		};
/* End PBXNativeTarget section */

/* Begin PBXProject section */
		83D7971E1CA4693100D37B8A /* Project object */ = {
			isa = PBXProject;
			attributes = {
				LastSwiftUpdateCheck = 0720;
				LastUpgradeCheck = 0720;
				ORGANIZATIONNAME = "Young Kwon";
				TargetAttributes = {
					83D797251CA4693100D37B8A = {
						CreatedOnToolsVersion = 7.2.1;
					};
					83D797391CA4693200D37B8A = {
						CreatedOnToolsVersion = 7.2.1;
						TestTargetID = 83D797251CA4693100D37B8A;
					};
					83D797441CA4693200D37B8A = {
						CreatedOnToolsVersion = 7.2.1;
						TestTargetID = 83D797251CA4693100D37B8A;
					};
				};
			};
			buildConfigurationList = 83D797211CA4693100D37B8A /* Build configuration list for PBXProject "HedgeFundApp" */;
			compatibilityVersion = "Xcode 3.2";
			developmentRegion = English;
			hasScannedForEncodings = 0;
			knownRegions = (
				en,
				Base,
			);
			mainGroup = 83D7971D1CA4693100D37B8A;
			productRefGroup = 83D797271CA4693100D37B8A /* Products */;
			projectDirPath = "";
			projectRoot = "";
			targets = (
				83D797251CA4693100D37B8A /* HedgeFundApp */,
				83D797391CA4693200D37B8A /* HedgeFundAppTests */,
				83D797441CA4693200D37B8A /* HedgeFundAppUITests */,
			);
		};
/* End PBXProject section */

/* Begin PBXResourcesBuildPhase section */
		83D797241CA4693100D37B8A /* Resources */ = {
			isa = PBXResourcesBuildPhase;
			buildActionMask = 2147483647;
			files = (
				83D797341CA4693100D37B8A /* LaunchScreen.storyboard in Resources */,
				83D797311CA4693100D37B8A /* Assets.xcassets in Resources */,
				83D7972F1CA4693100D37B8A /* Main.storyboard in Resources */,
				83D7975A1CA4F6E100D37B8A /* topapps.json in Resources */,
			);
			runOnlyForDeploymentPostprocessing = 0;
		};
		83D797381CA4693200D37B8A /* Resources */ = {
			isa = PBXResourcesBuildPhase;
			buildActionMask = 2147483647;
			files = (
			);
			runOnlyForDeploymentPostprocessing = 0;
		};
		83D797431CA4693200D37B8A /* Resources */ = {
			isa = PBXResourcesBuildPhase;
			buildActionMask = 2147483647;
			files = (
			);
			runOnlyForDeploymentPostprocessing = 0;
		};
/* End PBXResourcesBuildPhase section */

/* Begin PBXSourcesBuildPhase section */
		83D797221CA4693100D37B8A /* Sources */ = {
			isa = PBXSourcesBuildPhase;
			buildActionMask = 2147483647;
			files = (
				838F0A5B1CA7697C00C70817 /* DetailViewController.swift in Sources */,
				83D797581CA469B400D37B8A /* MainTableViewController.swift in Sources */,
				83D7972A1CA4693100D37B8A /* AppDelegate.swift in Sources */,
			);
			runOnlyForDeploymentPostprocessing = 0;
		};
		83D797361CA4693200D37B8A /* Sources */ = {
			isa = PBXSourcesBuildPhase;
			buildActionMask = 2147483647;
			files = (
				83D7973F1CA4693200D37B8A /* HedgeFundAppTests.swift in Sources */,
			);
			runOnlyForDeploymentPostprocessing = 0;
		};
		83D797411CA4693200D37B8A /* Sources */ = {
			isa = PBXSourcesBuildPhase;
			buildActionMask = 2147483647;
			files = (
				83D7974A1CA4693200D37B8A /* HedgeFundAppUITests.swift in Sources */,
			);
			runOnlyForDeploymentPostprocessing = 0;
		};
/* End PBXSourcesBuildPhase section */

/* Begin PBXTargetDependency section */
		83D7973C1CA4693200D37B8A /* PBXTargetDependency */ = {
			isa = PBXTargetDependency;
			target = 83D797251CA4693100D37B8A /* HedgeFundApp */;
			targetProxy = 83D7973B1CA4693200D37B8A /* PBXContainerItemProxy */;
		};
		83D797471CA4693200D37B8A /* PBXTargetDependency */ = {
			isa = PBXTargetDependency;
			target = 83D797251CA4693100D37B8A /* HedgeFundApp */;
			targetProxy = 83D797461CA4693200D37B8A /* PBXContainerItemProxy */;
		};
/* End PBXTargetDependency section */

/* Begin PBXVariantGroup section */
		83D7972D1CA4693100D37B8A /* Main.storyboard */ = {
			isa = PBXVariantGroup;
			children = (
				83D7972E1CA4693100D37B8A /* Base */,
			);
			name = Main.storyboard;
			sourceTree = "<group>";
		};
		83D797321CA4693100D37B8A /* LaunchScreen.storyboard */ = {
			isa = PBXVariantGroup;
			children = (
				83D797331CA4693100D37B8A /* Base */,
			);
			name = LaunchScreen.storyboard;
			sourceTree = "<group>";
		};
/* End PBXVariantGroup section */

/* Begin XCBuildConfiguration section */
		83D7974C1CA4693200D37B8A /* Debug */ = {
			isa = XCBuildConfiguration;
			buildSettings = {
				ALWAYS_SEARCH_USER_PATHS = NO;
				CLANG_CXX_LANGUAGE_STANDARD = "gnu++0x";
				CLANG_CXX_LIBRARY = "libc++";
				CLANG_ENABLE_MODULES = YES;
				CLANG_ENABLE_OBJC_ARC = YES;
				CLANG_WARN_BOOL_CONVERSION = YES;
				CLANG_WARN_CONSTANT_CONVERSION = YES;
				CLANG_WARN_DIRECT_OBJC_ISA_USAGE = YES_ERROR;
				CLANG_WARN_EMPTY_BODY = YES;
				CLANG_WARN_ENUM_CONVERSION = YES;
				CLANG_WARN_INT_CONVERSION = YES;
				CLANG_WARN_OBJC_ROOT_CLASS = YES_ERROR;
				CLANG_WARN_UNREACHABLE_CODE = YES;
				CLANG_WARN__DUPLICATE_METHOD_MATCH = YES;
				"CODE_SIGN_IDENTITY[sdk=iphoneos*]" = "iPhone Developer";
				COPY_PHASE_STRIP = NO;
				DEBUG_INFORMATION_FORMAT = dwarf;
				ENABLE_STRICT_OBJC_MSGSEND = YES;
				ENABLE_TESTABILITY = YES;
				GCC_C_LANGUAGE_STANDARD = gnu99;
				GCC_DYNAMIC_NO_PIC = NO;
				GCC_NO_COMMON_BLOCKS = YES;
				GCC_OPTIMIZATION_LEVEL = 0;
				GCC_PREPROCESSOR_DEFINITIONS = (
					"DEBUG=1",
					"$(inherited)",
				);
				GCC_WARN_64_TO_32_BIT_CONVERSION = YES;
				GCC_WARN_ABOUT_RETURN_TYPE = YES_ERROR;
				GCC_WARN_UNDECLARED_SELECTOR = YES;
				GCC_WARN_UNINITIALIZED_AUTOS = YES_AGGRESSIVE;
				GCC_WARN_UNUSED_FUNCTION = YES;
				GCC_WARN_UNUSED_VARIABLE = YES;
				IPHONEOS_DEPLOYMENT_TARGET = 9.2;
				MTL_ENABLE_DEBUG_INFO = YES;
				ONLY_ACTIVE_ARCH = YES;
				SDKROOT = iphoneos;
				SWIFT_OPTIMIZATION_LEVEL = "-Onone";
			};
			name = Debug;
		};
		83D7974D1CA4693200D37B8A /* Release */ = {
			isa = XCBuildConfiguration;
			buildSettings = {
				ALWAYS_SEARCH_USER_PATHS = NO;
				CLANG_CXX_LANGUAGE_STANDARD = "gnu++0x";
				CLANG_CXX_LIBRARY = "libc++";
				CLANG_ENABLE_MODULES = YES;
				CLANG_ENABLE_OBJC_ARC = YES;
				CLANG_WARN_BOOL_CONVERSION = YES;
				CLANG_WARN_CONSTANT_CONVERSION = YES;
				CLANG_WARN_DIRECT_OBJC_ISA_USAGE = YES_ERROR;
				CLANG_WARN_EMPTY_BODY = YES;
				CLANG_WARN_ENUM_CONVERSION = YES;
				CLANG_WARN_INT_CONVERSION = YES;
				CLANG_WARN_OBJC_ROOT_CLASS = YES_ERROR;
				CLANG_WARN_UNREACHABLE_CODE = YES;
				CLANG_WARN__DUPLICATE_METHOD_MATCH = YES;
				"CODE_SIGN_IDENTITY[sdk=iphoneos*]" = "iPhone Developer";
				COPY_PHASE_STRIP = NO;
				DEBUG_INFORMATION_FORMAT = "dwarf-with-dsym";
				ENABLE_NS_ASSERTIONS = NO;
				ENABLE_STRICT_OBJC_MSGSEND = YES;
				GCC_C_LANGUAGE_STANDARD = gnu99;
				GCC_NO_COMMON_BLOCKS = YES;
				GCC_WARN_64_TO_32_BIT_CONVERSION = YES;
				GCC_WARN_ABOUT_RETURN_TYPE = YES_ERROR;
				GCC_WARN_UNDECLARED_SELECTOR = YES;
				GCC_WARN_UNINITIALIZED_AUTOS = YES_AGGRESSIVE;
				GCC_WARN_UNUSED_FUNCTION = YES;
				GCC_WARN_UNUSED_VARIABLE = YES;
				IPHONEOS_DEPLOYMENT_TARGET = 9.2;
				MTL_ENABLE_DEBUG_INFO = NO;
				SDKROOT = iphoneos;
				VALIDATE_PRODUCT = YES;
			};
			name = Release;
		};
		83D7974F1CA4693200D37B8A /* Debug */ = {
			isa = XCBuildConfiguration;
			buildSettings = {
				ASSETCATALOG_COMPILER_APPICON_NAME = AppIcon;
				INFOPLIST_FILE = HedgeFundApp/Info.plist;
				LD_RUNPATH_SEARCH_PATHS = "$(inherited) @executable_path/Frameworks";
				PRODUCT_BUNDLE_IDENTIFIER = youngkwon.HedgeFundApp;
				PRODUCT_NAME = "$(TARGET_NAME)";
			};
			name = Debug;
		};
		83D797501CA4693200D37B8A /* Release */ = {
			isa = XCBuildConfiguration;
			buildSettings = {
				ASSETCATALOG_COMPILER_APPICON_NAME = AppIcon;
				INFOPLIST_FILE = HedgeFundApp/Info.plist;
				LD_RUNPATH_SEARCH_PATHS = "$(inherited) @executable_path/Frameworks";
				PRODUCT_BUNDLE_IDENTIFIER = youngkwon.HedgeFundApp;
				PRODUCT_NAME = "$(TARGET_NAME)";
			};
			name = Release;
		};
		83D797521CA4693200D37B8A /* Debug */ = {
			isa = XCBuildConfiguration;
			buildSettings = {
				BUNDLE_LOADER = "$(TEST_HOST)";
				INFOPLIST_FILE = HedgeFundAppTests/Info.plist;
				LD_RUNPATH_SEARCH_PATHS = "$(inherited) @executable_path/Frameworks @loader_path/Frameworks";
				PRODUCT_BUNDLE_IDENTIFIER = youngkwon.HedgeFundAppTests;
				PRODUCT_NAME = "$(TARGET_NAME)";
				TEST_HOST = "$(BUILT_PRODUCTS_DIR)/HedgeFundApp.app/HedgeFundApp";
			};
			name = Debug;
		};
		83D797531CA4693200D37B8A /* Release */ = {
			isa = XCBuildConfiguration;
			buildSettings = {
				BUNDLE_LOADER = "$(TEST_HOST)";
				INFOPLIST_FILE = HedgeFundAppTests/Info.plist;
				LD_RUNPATH_SEARCH_PATHS = "$(inherited) @executable_path/Frameworks @loader_path/Frameworks";
				PRODUCT_BUNDLE_IDENTIFIER = youngkwon.HedgeFundAppTests;
				PRODUCT_NAME = "$(TARGET_NAME)";
				TEST_HOST = "$(BUILT_PRODUCTS_DIR)/HedgeFundApp.app/HedgeFundApp";
			};
			name = Release;
		};
		83D797551CA4693200D37B8A /* Debug */ = {
			isa = XCBuildConfiguration;
			buildSettings = {
				INFOPLIST_FILE = HedgeFundAppUITests/Info.plist;
				LD_RUNPATH_SEARCH_PATHS = "$(inherited) @executable_path/Frameworks @loader_path/Frameworks";
				PRODUCT_BUNDLE_IDENTIFIER = youngkwon.HedgeFundAppUITests;
				PRODUCT_NAME = "$(TARGET_NAME)";
				TEST_TARGET_NAME = HedgeFundApp;
				USES_XCTRUNNER = YES;
			};
			name = Debug;
		};
		83D797561CA4693200D37B8A /* Release */ = {
			isa = XCBuildConfiguration;
			buildSettings = {
				INFOPLIST_FILE = HedgeFundAppUITests/Info.plist;
				LD_RUNPATH_SEARCH_PATHS = "$(inherited) @executable_path/Frameworks @loader_path/Frameworks";
				PRODUCT_BUNDLE_IDENTIFIER = youngkwon.HedgeFundAppUITests;
				PRODUCT_NAME = "$(TARGET_NAME)";
				TEST_TARGET_NAME = HedgeFundApp;
				USES_XCTRUNNER = YES;
			};
			name = Release;
		};
/* End XCBuildConfiguration section */

/* Begin XCConfigurationList section */
		83D797211CA4693100D37B8A /* Build configuration list for PBXProject "HedgeFundApp" */ = {
			isa = XCConfigurationList;
			buildConfigurations = (
				83D7974C1CA4693200D37B8A /* Debug */,
				83D7974D1CA4693200D37B8A /* Release */,
			);
			defaultConfigurationIsVisible = 0;
			defaultConfigurationName = Release;
		};
		83D7974E1CA4693200D37B8A /* Build configuration list for PBXNativeTarget "HedgeFundApp" */ = {
			isa = XCConfigurationList;
			buildConfigurations = (
				83D7974F1CA4693200D37B8A /* Debug */,
				83D797501CA4693200D37B8A /* Release */,
			);
			defaultConfigurationIsVisible = 0;
			defaultConfigurationName = Release;
		};
		83D797511CA4693200D37B8A /* Build configuration list for PBXNativeTarget "HedgeFundAppTests" */ = {
			isa = XCConfigurationList;
			buildConfigurations = (
				83D797521CA4693200D37B8A /* Debug */,
				83D797531CA4693200D37B8A /* Release */,
			);
			defaultConfigurationIsVisible = 0;
			defaultConfigurationName = Release;
		};
		83D797541CA4693200D37B8A /* Build configuration list for PBXNativeTarget "HedgeFundAppUITests" */ = {
			isa = XCConfigurationList;
			buildConfigurations = (
				83D797551CA4693200D37B8A /* Debug */,
				83D797561CA4693200D37B8A /* Release */,
			);
			defaultConfigurationIsVisible = 0;
			defaultConfigurationName = Release;
		};
/* End XCConfigurationList section */
	};
	rootObject = 83D7971E1CA4693100D37B8A /* Project object */;
}
